
Microsoft Visual Studio Solution File, Format Version 12.00
# Visual Studio Version 17
VisualStudioVersion = 17.5.33516.290
MinimumVisualStudioVersion = 10.0.40219.1
Project("{FAE04EC0-301F-11D3-BF4B-00C04F79EFBC}") = "ObjProgAssignment_1", "ObjProgAssignment_1.csproj", "{40770686-489D-4122-85C9-7A50AFBEDA7D}"
EndProject
Global
	GlobalSection(SolutionConfigurationPlatforms) = preSolution
		Debug|Any CPU = Debug|Any CPU
		Release|Any CPU = Release|Any CPU
	EndGlobalSection
	GlobalSection(ProjectConfigurationPlatforms) = postSolution
		{40770686-489D-4122-85C9-7A50AFBEDA7D}.Debug|Any CPU.ActiveCfg = Debug|Any CPU
		{40770686-489D-4122-85C9-7A50AFBEDA7D}.Debug|Any CPU.Build.0 = Debug|Any CPU
		{40770686-489D-4122-85C9-7A50AFBEDA7D}.Release|Any CPU.ActiveCfg = Release|Any CPU
		{40770686-489D-4122-85C9-7A50AFBEDA7D}.Release|Any CPU.Build.0 = Release|Any CPU
	EndGlobalSection
	GlobalSection(SolutionProperties) = preSolution
		HideSolutionNode = FALSE
	EndGlobalSection
	GlobalSection(ExtensibilityGlobals) = postSolution
		SolutionGuid = {D2E765C3-E412-41FC-8671-68BC9EF41A74}
	EndGlobalSection
EndGlobal
